<?xml version="1.0" encoding="utf-8"?>
<Project ToolsVersion="17.0" xmlns="http://schemas.microsoft.com/developer/msbuild/2003">
  <ItemGroup>
    <CustomBuild Include="C:\Users\User\RVO2\RVO2\CMakeFiles\b559b43a3747ad75eda609a4f0be88ad\INSTALL_force.rule">
      <Filter>CMake Rules</Filter>
    </CustomBuild>
  </ItemGroup>
  <ItemGroup>
    <Filter Include="CMake Rules">
      <UniqueIdentifier>{EA6364CE-0FDF-3A84-BE08-9F5FCAF24B0E}</UniqueIdentifier>
    </Filter>
  </ItemGroup>
</Project>
