
Microsoft Visual Studio Solution File, Format Version 12.00
# Visual Studio Version 17
Project("{8BC9CEB8-8B4A-11D0-8D11-00A0C91BC942}") = "ALL_BUILD", "ALL_BUILD.vcxproj", "{AB7FA1E2-E3AC-3173-B26A-5A250571CE46}"
	ProjectSection(ProjectDependencies) = postProject
		{068D3C2D-068D-3BC2-ABB7-3AB722E85E19} = {068D3C2D-068D-3BC2-ABB7-3AB722E85E19}
		{ED5C63B4-D21C-31C5-A55A-A08013DD6A7C} = {ED5C63B4-D21C-31C5-A55A-A08013DD6A7C}
		{B1A3C73B-1F25-3F19-A432-47C42798273F} = {B1A3C73B-1F25-3F19-A432-47C42798273F}
		{A70743CE-DBA8-3BB8-B694-5343DE2F06C7} = {A70743CE-DBA8-3BB8-B694-5343DE2F06C7}
		{A8EA2704-3AE2-38B6-B2AE-B8D250A49D28} = {A8EA2704-3AE2-38B6-B2AE-B8D250A49D28}
	EndProjectSection
EndProject
Project("{8BC9CEB8-8B4A-11D0-8D11-00A0C91BC942}") = "Blocks", "examples\Blocks.vcxproj", "{068D3C2D-068D-3BC2-ABB7-3AB722E85E19}"
	ProjectSection(ProjectDependencies) = postProject
		{B1A3C73B-1F25-3F19-A432-47C42798273F} = {B1A3C73B-1F25-3F19-A432-47C42798273F}
		{A8EA2704-3AE2-38B6-B2AE-B8D250A49D28} = {A8EA2704-3AE2-38B6-B2AE-B8D250A49D28}
	EndProjectSection
EndProject
Project("{8BC9CEB8-8B4A-11D0-8D11-00A0C91BC942}") = "Circle", "examples\Circle.vcxproj", "{ED5C63B4-D21C-31C5-A55A-A08013DD6A7C}"
	ProjectSection(ProjectDependencies) = postProject
		{B1A3C73B-1F25-3F19-A432-47C42798273F} = {B1A3C73B-1F25-3F19-A432-47C42798273F}
		{A8EA2704-3AE2-38B6-B2AE-B8D250A49D28} = {A8EA2704-3AE2-38B6-B2AE-B8D250A49D28}
	EndProjectSection
EndProject
Project("{8BC9CEB8-8B4A-11D0-8D11-00A0C91BC942}") = "Continuous", "Continuous.vcxproj", "{E2392235-5309-314B-9497-4351171B84F1}"
	ProjectSection(ProjectDependencies) = postProject
		{A8EA2704-3AE2-38B6-B2AE-B8D250A49D28} = {A8EA2704-3AE2-38B6-B2AE-B8D250A49D28}
	EndProjectSection
EndProject
Project("{8BC9CEB8-8B4A-11D0-8D11-00A0C91BC942}") = "Experimental", "Experimental.vcxproj", "{4A3B7EC2-7159-3CAD-A85D-D20536771C5D}"
	ProjectSection(ProjectDependencies) = postProject
		{A8EA2704-3AE2-38B6-B2AE-B8D250A49D28} = {A8EA2704-3AE2-38B6-B2AE-B8D250A49D28}
	EndProjectSection
EndProject
Project("{8BC9CEB8-8B4A-11D0-8D11-00A0C91BC942}") = "INSTALL", "INSTALL.vcxproj", "{C358F4FE-FEB7-317E-B2F7-214635F100F0}"
	ProjectSection(ProjectDependencies) = postProject
		{AB7FA1E2-E3AC-3173-B26A-5A250571CE46} = {AB7FA1E2-E3AC-3173-B26A-5A250571CE46}
		{A8EA2704-3AE2-38B6-B2AE-B8D250A49D28} = {A8EA2704-3AE2-38B6-B2AE-B8D250A49D28}
	EndProjectSection
EndProject
Project("{8BC9CEB8-8B4A-11D0-8D11-00A0C91BC942}") = "Nightly", "Nightly.vcxproj", "{ED833279-4651-31DF-99F5-0715F583D55D}"
	ProjectSection(ProjectDependencies) = postProject
		{A8EA2704-3AE2-38B6-B2AE-B8D250A49D28} = {A8EA2704-3AE2-38B6-B2AE-B8D250A49D28}
	EndProjectSection
EndProject
Project("{8BC9CEB8-8B4A-11D0-8D11-00A0C91BC942}") = "NightlyMemoryCheck", "NightlyMemoryCheck.vcxproj", "{B65A039B-2252-3E40-9BFC-6622F73935F9}"
	ProjectSection(ProjectDependencies) = postProject
		{A8EA2704-3AE2-38B6-B2AE-B8D250A49D28} = {A8EA2704-3AE2-38B6-B2AE-B8D250A49D28}
	EndProjectSection
EndProject
Project("{8BC9CEB8-8B4A-11D0-8D11-00A0C91BC942}") = "PACKAGE", "PACKAGE.vcxproj", "{2F9DC8B1-D93A-38AE-B95D-866F1D6C5051}"
	ProjectSection(ProjectDependencies) = postProject
		{AB7FA1E2-E3AC-3173-B26A-5A250571CE46} = {AB7FA1E2-E3AC-3173-B26A-5A250571CE46}
		{A8EA2704-3AE2-38B6-B2AE-B8D250A49D28} = {A8EA2704-3AE2-38B6-B2AE-B8D250A49D28}
	EndProjectSection
EndProject
Project("{8BC9CEB8-8B4A-11D0-8D11-00A0C91BC942}") = "RUN_TESTS", "RUN_TESTS.vcxproj", "{93562CB9-C597-3D65-9C74-BD84005530F1}"
	ProjectSection(ProjectDependencies) = postProject
		{A8EA2704-3AE2-38B6-B2AE-B8D250A49D28} = {A8EA2704-3AE2-38B6-B2AE-B8D250A49D28}
	EndProjectSection
EndProject
Project("{8BC9CEB8-8B4A-11D0-8D11-00A0C91BC942}") = "RVO", "src\RVO.vcxproj", "{B1A3C73B-1F25-3F19-A432-47C42798273F}"
	ProjectSection(ProjectDependencies) = postProject
		{A8EA2704-3AE2-38B6-B2AE-B8D250A49D28} = {A8EA2704-3AE2-38B6-B2AE-B8D250A49D28}
	EndProjectSection
EndProject
Project("{8BC9CEB8-8B4A-11D0-8D11-00A0C91BC942}") = "Roadmap", "examples\Roadmap.vcxproj", "{A70743CE-DBA8-3BB8-B694-5343DE2F06C7}"
	ProjectSection(ProjectDependencies) = postProject
		{B1A3C73B-1F25-3F19-A432-47C42798273F} = {B1A3C73B-1F25-3F19-A432-47C42798273F}
		{A8EA2704-3AE2-38B6-B2AE-B8D250A49D28} = {A8EA2704-3AE2-38B6-B2AE-B8D250A49D28}
	EndProjectSection
EndProject
Project("{8BC9CEB8-8B4A-11D0-8D11-00A0C91BC942}") = "ZERO_CHECK", "ZERO_CHECK.vcxproj", "{A8EA2704-3AE2-38B6-B2AE-B8D250A49D28}"
	ProjectSection(ProjectDependencies) = postProject
	EndProjectSection
EndProject
Global
	GlobalSection(SolutionConfigurationPlatforms) = preSolution
		Debug|x64 = Debug|x64
		Release|x64 = Release|x64
		MinSizeRel|x64 = MinSizeRel|x64
		RelWithDebInfo|x64 = RelWithDebInfo|x64
	EndGlobalSection
	GlobalSection(ProjectConfigurationPlatforms) = postSolution
		{AB7FA1E2-E3AC-3173-B26A-5A250571CE46}.Debug|x64.ActiveCfg = Debug|x64
		{AB7FA1E2-E3AC-3173-B26A-5A250571CE46}.Debug|x64.Build.0 = Debug|x64
		{AB7FA1E2-E3AC-3173-B26A-5A250571CE46}.Release|x64.ActiveCfg = Release|x64
		{AB7FA1E2-E3AC-3173-B26A-5A250571CE46}.Release|x64.Build.0 = Release|x64
		{AB7FA1E2-E3AC-3173-B26A-5A250571CE46}.MinSizeRel|x64.ActiveCfg = MinSizeRel|x64
		{AB7FA1E2-E3AC-3173-B26A-5A250571CE46}.MinSizeRel|x64.Build.0 = MinSizeRel|x64
		{AB7FA1E2-E3AC-3173-B26A-5A250571CE46}.RelWithDebInfo|x64.ActiveCfg = RelWithDebInfo|x64
		{AB7FA1E2-E3AC-3173-B26A-5A250571CE46}.RelWithDebInfo|x64.Build.0 = RelWithDebInfo|x64
		{068D3C2D-068D-3BC2-ABB7-3AB722E85E19}.Debug|x64.ActiveCfg = Debug|x64
		{068D3C2D-068D-3BC2-ABB7-3AB722E85E19}.Debug|x64.Build.0 = Debug|x64
		{068D3C2D-068D-3BC2-ABB7-3AB722E85E19}.Release|x64.ActiveCfg = Release|x64
		{068D3C2D-068D-3BC2-ABB7-3AB722E85E19}.Release|x64.Build.0 = Release|x64
		{068D3C2D-068D-3BC2-ABB7-3AB722E85E19}.MinSizeRel|x64.ActiveCfg = MinSizeRel|x64
		{068D3C2D-068D-3BC2-ABB7-3AB722E85E19}.MinSizeRel|x64.Build.0 = MinSizeRel|x64
		{068D3C2D-068D-3BC2-ABB7-3AB722E85E19}.RelWithDebInfo|x64.ActiveCfg = RelWithDebInfo|x64
		{068D3C2D-068D-3BC2-ABB7-3AB722E85E19}.RelWithDebInfo|x64.Build.0 = RelWithDebInfo|x64
		{ED5C63B4-D21C-31C5-A55A-A08013DD6A7C}.Debug|x64.ActiveCfg = Debug|x64
		{ED5C63B4-D21C-31C5-A55A-A08013DD6A7C}.Debug|x64.Build.0 = Debug|x64
		{ED5C63B4-D21C-31C5-A55A-A08013DD6A7C}.Release|x64.ActiveCfg = Release|x64
		{ED5C63B4-D21C-31C5-A55A-A08013DD6A7C}.Release|x64.Build.0 = Release|x64
		{ED5C63B4-D21C-31C5-A55A-A08013DD6A7C}.MinSizeRel|x64.ActiveCfg = MinSizeRel|x64
		{ED5C63B4-D21C-31C5-A55A-A08013DD6A7C}.MinSizeRel|x64.Build.0 = MinSizeRel|x64
		{ED5C63B4-D21C-31C5-A55A-A08013DD6A7C}.RelWithDebInfo|x64.ActiveCfg = RelWithDebInfo|x64
		{ED5C63B4-D21C-31C5-A55A-A08013DD6A7C}.RelWithDebInfo|x64.Build.0 = RelWithDebInfo|x64
		{E2392235-5309-314B-9497-4351171B84F1}.Debug|x64.ActiveCfg = Debug|x64
		{E2392235-5309-314B-9497-4351171B84F1}.Release|x64.ActiveCfg = Release|x64
		{E2392235-5309-314B-9497-4351171B84F1}.MinSizeRel|x64.ActiveCfg = MinSizeRel|x64
		{E2392235-5309-314B-9497-4351171B84F1}.RelWithDebInfo|x64.ActiveCfg = RelWithDebInfo|x64
		{4A3B7EC2-7159-3CAD-A85D-D20536771C5D}.Debug|x64.ActiveCfg = Debug|x64
		{4A3B7EC2-7159-3CAD-A85D-D20536771C5D}.Release|x64.ActiveCfg = Release|x64
		{4A3B7EC2-7159-3CAD-A85D-D20536771C5D}.MinSizeRel|x64.ActiveCfg = MinSizeRel|x64
		{4A3B7EC2-7159-3CAD-A85D-D20536771C5D}.RelWithDebInfo|x64.ActiveCfg = RelWithDebInfo|x64
		{C358F4FE-FEB7-317E-B2F7-214635F100F0}.Debug|x64.ActiveCfg = Debug|x64
		{C358F4FE-FEB7-317E-B2F7-214635F100F0}.Release|x64.ActiveCfg = Release|x64
		{C358F4FE-FEB7-317E-B2F7-214635F100F0}.MinSizeRel|x64.ActiveCfg = MinSizeRel|x64
		{C358F4FE-FEB7-317E-B2F7-214635F100F0}.RelWithDebInfo|x64.ActiveCfg = RelWithDebInfo|x64
		{ED833279-4651-31DF-99F5-0715F583D55D}.Debug|x64.ActiveCfg = Debug|x64
		{ED833279-4651-31DF-99F5-0715F583D55D}.Release|x64.ActiveCfg = Release|x64
		{ED833279-4651-31DF-99F5-0715F583D55D}.MinSizeRel|x64.ActiveCfg = MinSizeRel|x64
		{ED833279-4651-31DF-99F5-0715F583D55D}.RelWithDebInfo|x64.ActiveCfg = RelWithDebInfo|x64
		{B65A039B-2252-3E40-9BFC-6622F73935F9}.Debug|x64.ActiveCfg = Debug|x64
		{B65A039B-2252-3E40-9BFC-6622F73935F9}.Release|x64.ActiveCfg = Release|x64
		{B65A039B-2252-3E40-9BFC-6622F73935F9}.MinSizeRel|x64.ActiveCfg = MinSizeRel|x64
		{B65A039B-2252-3E40-9BFC-6622F73935F9}.RelWithDebInfo|x64.ActiveCfg = RelWithDebInfo|x64
		{2F9DC8B1-D93A-38AE-B95D-866F1D6C5051}.Debug|x64.ActiveCfg = Debug|x64
		{2F9DC8B1-D93A-38AE-B95D-866F1D6C5051}.Release|x64.ActiveCfg = Release|x64
		{2F9DC8B1-D93A-38AE-B95D-866F1D6C5051}.MinSizeRel|x64.ActiveCfg = MinSizeRel|x64
		{2F9DC8B1-D93A-38AE-B95D-866F1D6C5051}.RelWithDebInfo|x64.ActiveCfg = RelWithDebInfo|x64
		{93562CB9-C597-3D65-9C74-BD84005530F1}.Debug|x64.ActiveCfg = Debug|x64
		{93562CB9-C597-3D65-9C74-BD84005530F1}.Release|x64.ActiveCfg = Release|x64
		{93562CB9-C597-3D65-9C74-BD84005530F1}.MinSizeRel|x64.ActiveCfg = MinSizeRel|x64
		{93562CB9-C597-3D65-9C74-BD84005530F1}.RelWithDebInfo|x64.ActiveCfg = RelWithDebInfo|x64
		{B1A3C73B-1F25-3F19-A432-47C42798273F}.Debug|x64.ActiveCfg = Debug|x64
		{B1A3C73B-1F25-3F19-A432-47C42798273F}.Debug|x64.Build.0 = Debug|x64
		{B1A3C73B-1F25-3F19-A432-47C42798273F}.Release|x64.ActiveCfg = Release|x64
		{B1A3C73B-1F25-3F19-A432-47C42798273F}.Release|x64.Build.0 = Release|x64
		{B1A3C73B-1F25-3F19-A432-47C42798273F}.MinSizeRel|x64.ActiveCfg = MinSizeRel|x64
		{B1A3C73B-1F25-3F19-A432-47C42798273F}.MinSizeRel|x64.Build.0 = MinSizeRel|x64
		{B1A3C73B-1F25-3F19-A432-47C42798273F}.RelWithDebInfo|x64.ActiveCfg = RelWithDebInfo|x64
		{B1A3C73B-1F25-3F19-A432-47C42798273F}.RelWithDebInfo|x64.Build.0 = RelWithDebInfo|x64
		{A70743CE-DBA8-3BB8-B694-5343DE2F06C7}.Debug|x64.ActiveCfg = Debug|x64
		{A70743CE-DBA8-3BB8-B694-5343DE2F06C7}.Debug|x64.Build.0 = Debug|x64
		{A70743CE-DBA8-3BB8-B694-5343DE2F06C7}.Release|x64.ActiveCfg = Release|x64
		{A70743CE-DBA8-3BB8-B694-5343DE2F06C7}.Release|x64.Build.0 = Release|x64
		{A70743CE-DBA8-3BB8-B694-5343DE2F06C7}.MinSizeRel|x64.ActiveCfg = MinSizeRel|x64
		{A70743CE-DBA8-3BB8-B694-5343DE2F06C7}.MinSizeRel|x64.Build.0 = MinSizeRel|x64
		{A70743CE-DBA8-3BB8-B694-5343DE2F06C7}.RelWithDebInfo|x64.ActiveCfg = RelWithDebInfo|x64
		{A70743CE-DBA8-3BB8-B694-5343DE2F06C7}.RelWithDebInfo|x64.Build.0 = RelWithDebInfo|x64
		{A8EA2704-3AE2-38B6-B2AE-B8D250A49D28}.Debug|x64.ActiveCfg = Debug|x64
		{A8EA2704-3AE2-38B6-B2AE-B8D250A49D28}.Debug|x64.Build.0 = Debug|x64
		{A8EA2704-3AE2-38B6-B2AE-B8D250A49D28}.Release|x64.ActiveCfg = Release|x64
		{A8EA2704-3AE2-38B6-B2AE-B8D250A49D28}.Release|x64.Build.0 = Release|x64
		{A8EA2704-3AE2-38B6-B2AE-B8D250A49D28}.MinSizeRel|x64.ActiveCfg = MinSizeRel|x64
		{A8EA2704-3AE2-38B6-B2AE-B8D250A49D28}.MinSizeRel|x64.Build.0 = MinSizeRel|x64
		{A8EA2704-3AE2-38B6-B2AE-B8D250A49D28}.RelWithDebInfo|x64.ActiveCfg = RelWithDebInfo|x64
		{A8EA2704-3AE2-38B6-B2AE-B8D250A49D28}.RelWithDebInfo|x64.Build.0 = RelWithDebInfo|x64
	EndGlobalSection
	GlobalSection(ExtensibilityGlobals) = postSolution
		SolutionGuid = {D31D2DB0-13E9-3D05-A726-E8E2BC367B5B}
	EndGlobalSection
	GlobalSection(ExtensibilityAddIns) = postSolution
	EndGlobalSection
EndGlobal
